
Microsoft Visual Studio Solution File, Format Version 12.00
# Visual Studio 15
VisualStudioVersion = 15.0.28307.329
MinimumVisualStudioVersion = 10.0.40219.1
Project("{FAE04EC0-301F-11D3-BF4B-00C04F79EFBC}") = "CadastroDeClientes", "CadastroDeClientes\CadastroDeClientes.csproj", "{E6A6865A-CC07-4351-A055-AB9846D7C840}"
EndProject
Global
	GlobalSection(SolutionConfigurationPlatforms) = preSolution
		Debug|Any CPU = Debug|Any CPU
		Release|Any CPU = Release|Any CPU
	EndGlobalSection
	GlobalSection(ProjectConfigurationPlatforms) = postSolution
		{E6A6865A-CC07-4351-A055-AB9846D7C840}.Debug|Any CPU.ActiveCfg = Debug|Any CPU
		{E6A6865A-CC07-4351-A055-AB9846D7C840}.Debug|Any CPU.Build.0 = Debug|Any CPU
		{E6A6865A-CC07-4351-A055-AB9846D7C840}.Release|Any CPU.ActiveCfg = Release|Any CPU
		{E6A6865A-CC07-4351-A055-AB9846D7C840}.Release|Any CPU.Build.0 = Release|Any CPU
	EndGlobalSection
	GlobalSection(SolutionProperties) = preSolution
		HideSolutionNode = FALSE
	EndGlobalSection
	GlobalSection(ExtensibilityGlobals) = postSolution
		SolutionGuid = {8C5C8C87-1822-41F0-81C3-5B60009F098A}
	EndGlobalSection
EndGlobal
